
Microsoft Visual Studio Solution File, Format Version 12.00
# Visual Studio Version 17
VisualStudioVersion = 17.5.002.0
MinimumVisualStudioVersion = 10.0.40219.1
Project("{9A19103F-16F7-4668-BE54-9A1E7A4F7556}") = "clase2", "clase2.csproj", "{C4AE1F7C-8CF0-4C58-BEDB-776B954A4472}"
EndProject
Global
	GlobalSection(SolutionConfigurationPlatforms) = preSolution
		Debug|Any CPU = Debug|Any CPU
		Release|Any CPU = Release|Any CPU
	EndGlobalSection
	GlobalSection(ProjectConfigurationPlatforms) = postSolution
		{C4AE1F7C-8CF0-4C58-BEDB-776B954A4472}.Debug|Any CPU.ActiveCfg = Debug|Any CPU
		{C4AE1F7C-8CF0-4C58-BEDB-776B954A4472}.Debug|Any CPU.Build.0 = Debug|Any CPU
		{C4AE1F7C-8CF0-4C58-BEDB-776B954A4472}.Release|Any CPU.ActiveCfg = Release|Any CPU
		{C4AE1F7C-8CF0-4C58-BEDB-776B954A4472}.Release|Any CPU.Build.0 = Release|Any CPU
	EndGlobalSection
	GlobalSection(SolutionProperties) = preSolution
		HideSolutionNode = FALSE
	EndGlobalSection
	GlobalSection(ExtensibilityGlobals) = postSolution
		SolutionGuid = {2A87BBAD-F1AA-4CA9-A8B6-7CF160F149A9}
	EndGlobalSection
EndGlobal
